Microsoft Visual Studio Solution File, Format Version 12.00
# Visual Studio Version 17
VisualStudioVersion = 17.5.2.0
MinimumVisualStudioVersion = 10.0.40219.1
Project("{FAE04EC0-301F-11D3-BF4B-00C04F79EFBC}") = "Neon", "Neon.csproj", "{2EEECC0B-9D53-D8EF-448A-921DC2F7A912}"
EndProject
Global
	GlobalSection(SolutionConfigurationPlatforms) = preSolution
		Debug|Any CPU = Debug|Any CPU
		Release|Any CPU = Release|Any CPU
	EndGlobalSection
	GlobalSection(ProjectConfigurationPlatforms) = postSolution
		{2EEECC0B-9D53-D8EF-448A-921DC2F7A912}.Debug|Any CPU.ActiveCfg = Debug|Any CPU
		{2EEECC0B-9D53-D8EF-448A-921DC2F7A912}.Debug|Any CPU.Build.0 = Debug|Any CPU
		{2EEECC0B-9D53-D8EF-448A-921DC2F7A912}.Release|Any CPU.ActiveCfg = Release|Any CPU
		{2EEECC0B-9D53-D8EF-448A-921DC2F7A912}.Release|Any CPU.Build.0 = Release|Any CPU
	EndGlobalSection
	GlobalSection(SolutionProperties) = preSolution
		HideSolutionNode = FALSE
	EndGlobalSection
	GlobalSection(ExtensibilityGlobals) = postSolution
		SolutionGuid = {A6E33ADF-0613-44C4-8AF9-83F270F18563}
	EndGlobalSection
EndGlobal
